
Microsoft Visual Studio Solution File, Format Version 12.00
# Visual Studio 15
VisualStudioVersion = 15.0.28010.2016
MinimumVisualStudioVersion = 10.0.40219.1
Project("{FAE04EC0-301F-11D3-BF4B-00C04F79EFBC}") = "ZaleniumSampleTest", "ZaleniumSampleTest\ZaleniumSampleTest.csproj", "{7252A3F3-127A-48ED-8CF2-5D19414BA4EC}"
EndProject
Global
	GlobalSection(SolutionConfigurationPlatforms) = preSolution
		Debug|Any CPU = Debug|Any CPU
		Release|Any CPU = Release|Any CPU
	EndGlobalSection
	GlobalSection(ProjectConfigurationPlatforms) = postSolution
		{7252A3F3-127A-48ED-8CF2-5D19414BA4EC}.Debug|Any CPU.ActiveCfg = Debug|Any CPU
		{7252A3F3-127A-48ED-8CF2-5D19414BA4EC}.Debug|Any CPU.Build.0 = Debug|Any CPU
		{7252A3F3-127A-48ED-8CF2-5D19414BA4EC}.Release|Any CPU.ActiveCfg = Release|Any CPU
		{7252A3F3-127A-48ED-8CF2-5D19414BA4EC}.Release|Any CPU.Build.0 = Release|Any CPU
	EndGlobalSection
	GlobalSection(SolutionProperties) = preSolution
		HideSolutionNode = FALSE
	EndGlobalSection
	GlobalSection(ExtensibilityGlobals) = postSolution
		SolutionGuid = {EDAE1016-5977-4AD8-81CC-C3FB378B7A8A}
	EndGlobalSection
EndGlobal
